Microsoft Visual Studio Solution File, Format Version 11.00
# Visual Studio 2008

Project("{B631ECFC-FA40-EC4A-2168-D6C97376499D}") = "Ingame Shooter Project", "Assembly-CSharp-firstpass.csproj", "{14FF9327-D1FE-1191-96FD-7E1BB7575018}"
EndProject
Project("{B631ECFC-FA40-EC4A-2168-D6C97376499D}") = "Ingame Shooter Project", "Assembly-CSharp.csproj", "{79B944CC-2481-F89A-A7FB-1264C6A31C23}"
EndProject
Project("{B631ECFC-FA40-EC4A-2168-D6C97376499D}") = "Ingame Shooter Project", "Assembly-UnityScript-firstpass.unityproj", "{32BE3837-0336-6F57-C86E-4D1A0883270B}"
EndProject
Global
	GlobalSection(SolutionConfigurationPlatforms) = preSolution
		Debug|Any CPU = Debug|Any CPU
		Release|Any CPU = Release|Any CPU
	EndGlobalSection
	GlobalSection(ProjectConfigurationPlatforms) = postSolution
		{14FF9327-D1FE-1191-96FD-7E1BB7575018}.Debug|Any CPU.ActiveCfg = Debug|Any CPU
		{14FF9327-D1FE-1191-96FD-7E1BB7575018}.Debug|Any CPU.Build.0 = Debug|Any CPU
		{14FF9327-D1FE-1191-96FD-7E1BB7575018}.Release|Any CPU.ActiveCfg = Release|Any CPU
		{14FF9327-D1FE-1191-96FD-7E1BB7575018}.Release|Any CPU.Build.0 = Release|Any CPU
		{79B944CC-2481-F89A-A7FB-1264C6A31C23}.Debug|Any CPU.ActiveCfg = Debug|Any CPU
		{79B944CC-2481-F89A-A7FB-1264C6A31C23}.Debug|Any CPU.Build.0 = Debug|Any CPU
		{79B944CC-2481-F89A-A7FB-1264C6A31C23}.Release|Any CPU.ActiveCfg = Release|Any CPU
		{79B944CC-2481-F89A-A7FB-1264C6A31C23}.Release|Any CPU.Build.0 = Release|Any CPU
		{32BE3837-0336-6F57-C86E-4D1A0883270B}.Debug|Any CPU.ActiveCfg = Debug|Any CPU
		{32BE3837-0336-6F57-C86E-4D1A0883270B}.Debug|Any CPU.Build.0 = Debug|Any CPU
		{32BE3837-0336-6F57-C86E-4D1A0883270B}.Release|Any CPU.ActiveCfg = Release|Any CPU
		{32BE3837-0336-6F57-C86E-4D1A0883270B}.Release|Any CPU.Build.0 = Release|Any CPU
	EndGlobalSection
	GlobalSection(SolutionProperties) = preSolution
		HideSolutionNode = FALSE
	EndGlobalSection
																																																																																			GlobalSection(MonoDevelopProperties) = preSolution
		StartupItem = Assembly-CSharp.csproj
		Policies = $0
		$0.TextStylePolicy = $1
		$1.inheritsSet = null
		$1.scope = text/x-csharp
		$0.CSharpFormattingPolicy = $2
		$2.inheritsSet = Mono
		$2.inheritsScope = text/x-csharp
		$2.scope = text/x-csharp
		$0.TextStylePolicy = $3
		$3.FileWidth = 120
		$3.TabWidth = 4
		$3.EolMarker = Unix
		$3.inheritsSet = Mono
		$3.inheritsScope = text/plain
		$3.scope = text/plain
	EndGlobalSection

EndGlobal
